
Microsoft Visual Studio Solution File, Format Version 12.00
# Visual Studio Version 17
VisualStudioVersion = 17.6.33717.318
MinimumVisualStudioVersion = 10.0.40219.1
Project("{FAE04EC0-301F-11D3-BF4B-00C04F79EFBC}") = "Tetris", "Tetris\Tetris.csproj", "{B26A663D-3C57-4A98-B39B-6B027AFAD9CF}"
EndProject
Project("{FAE04EC0-301F-11D3-BF4B-00C04F79EFBC}") = "ClassLibraryForTetris", "ClassLibraryForTetris\ClassLibraryForTetris.csproj", "{2476377B-A22B-4B60-A08E-95CA6A666778}"
EndProject
Global
	GlobalSection(SolutionConfigurationPlatforms) = preSolution
		Debug|Any CPU = Debug|Any CPU
		Release|Any CPU = Release|Any CPU
	EndGlobalSection
	GlobalSection(ProjectConfigurationPlatforms) = postSolution
		{B26A663D-3C57-4A98-B39B-6B027AFAD9CF}.Debug|Any CPU.ActiveCfg = Debug|Any CPU
		{B26A663D-3C57-4A98-B39B-6B027AFAD9CF}.Debug|Any CPU.Build.0 = Debug|Any CPU
		{B26A663D-3C57-4A98-B39B-6B027AFAD9CF}.Release|Any CPU.ActiveCfg = Release|Any CPU
		{B26A663D-3C57-4A98-B39B-6B027AFAD9CF}.Release|Any CPU.Build.0 = Release|Any CPU
		{2476377B-A22B-4B60-A08E-95CA6A666778}.Debug|Any CPU.ActiveCfg = Debug|Any CPU
		{2476377B-A22B-4B60-A08E-95CA6A666778}.Debug|Any CPU.Build.0 = Debug|Any CPU
		{2476377B-A22B-4B60-A08E-95CA6A666778}.Release|Any CPU.ActiveCfg = Release|Any CPU
		{2476377B-A22B-4B60-A08E-95CA6A666778}.Release|Any CPU.Build.0 = Release|Any CPU
	EndGlobalSection
	GlobalSection(SolutionProperties) = preSolution
		HideSolutionNode = FALSE
	EndGlobalSection
	GlobalSection(ExtensibilityGlobals) = postSolution
		SolutionGuid = {3D34884D-B87B-4A35-BD3D-4D29331BCC94}
	EndGlobalSection
EndGlobal
